
Microsoft Visual Studio Solution File, Format Version 12.00
# Visual Studio Version 17
VisualStudioVersion = 17.5.33424.131
MinimumVisualStudioVersion = 10.0.40219.1
Project("{9A19103F-16F7-4668-BE54-9A1E7A4F7556}") = "WebHotel.Data", "Data\WebHotel.Data.csproj", "{7EE96716-D8D5-460F-924D-DC01B7643944}"
EndProject
Project("{9A19103F-16F7-4668-BE54-9A1E7A4F7556}") = "WebHotel.Core", "Core\WebHotel.Core.csproj", "{1CFA06F8-C679-4972-B3D4-D1613C8694CA}"
EndProject
Project("{9A19103F-16F7-4668-BE54-9A1E7A4F7556}") = "WebHotel.Services", "Services\WebHotel.Services.csproj", "{43AAA7B1-2B66-4278-95E4-A22E08A25D65}"
EndProject
Project("{9A19103F-16F7-4668-BE54-9A1E7A4F7556}") = "WebHotel.WinApp", "WinApp\WebHotel.WinApp.csproj", "{AA71DA6A-D520-42C9-BE3B-10BEC95B16AB}"
EndProject
Project("{FAE04EC0-301F-11D3-BF4B-00C04F79EFBC}") = "WebHotel.WebApp", "WebHotel.WebApp\WebHotel.WebApp.csproj", "{216BCB06-F1CD-4538-BF56-37DCF9739E86}"
EndProject
Global
	GlobalSection(SolutionConfigurationPlatforms) = preSolution
		Debug|Any CPU = Debug|Any CPU
		Release|Any CPU = Release|Any CPU
	EndGlobalSection
	GlobalSection(ProjectConfigurationPlatforms) = postSolution
		{7EE96716-D8D5-460F-924D-DC01B7643944}.Debug|Any CPU.ActiveCfg = Debug|Any CPU
		{7EE96716-D8D5-460F-924D-DC01B7643944}.Debug|Any CPU.Build.0 = Debug|Any CPU
		{7EE96716-D8D5-460F-924D-DC01B7643944}.Release|Any CPU.ActiveCfg = Release|Any CPU
		{7EE96716-D8D5-460F-924D-DC01B7643944}.Release|Any CPU.Build.0 = Release|Any CPU
		{1CFA06F8-C679-4972-B3D4-D1613C8694CA}.Debug|Any CPU.ActiveCfg = Debug|Any CPU
		{1CFA06F8-C679-4972-B3D4-D1613C8694CA}.Debug|Any CPU.Build.0 = Debug|Any CPU
		{1CFA06F8-C679-4972-B3D4-D1613C8694CA}.Release|Any CPU.ActiveCfg = Release|Any CPU
		{1CFA06F8-C679-4972-B3D4-D1613C8694CA}.Release|Any CPU.Build.0 = Release|Any CPU
		{43AAA7B1-2B66-4278-95E4-A22E08A25D65}.Debug|Any CPU.ActiveCfg = Debug|Any CPU
		{43AAA7B1-2B66-4278-95E4-A22E08A25D65}.Debug|Any CPU.Build.0 = Debug|Any CPU
		{43AAA7B1-2B66-4278-95E4-A22E08A25D65}.Release|Any CPU.ActiveCfg = Release|Any CPU
		{43AAA7B1-2B66-4278-95E4-A22E08A25D65}.Release|Any CPU.Build.0 = Release|Any CPU
		{AA71DA6A-D520-42C9-BE3B-10BEC95B16AB}.Debug|Any CPU.ActiveCfg = Debug|Any CPU
		{AA71DA6A-D520-42C9-BE3B-10BEC95B16AB}.Debug|Any CPU.Build.0 = Debug|Any CPU
		{AA71DA6A-D520-42C9-BE3B-10BEC95B16AB}.Release|Any CPU.ActiveCfg = Release|Any CPU
		{AA71DA6A-D520-42C9-BE3B-10BEC95B16AB}.Release|Any CPU.Build.0 = Release|Any CPU
		{216BCB06-F1CD-4538-BF56-37DCF9739E86}.Debug|Any CPU.ActiveCfg = Debug|Any CPU
		{216BCB06-F1CD-4538-BF56-37DCF9739E86}.Debug|Any CPU.Build.0 = Debug|Any CPU
		{216BCB06-F1CD-4538-BF56-37DCF9739E86}.Release|Any CPU.ActiveCfg = Release|Any CPU
		{216BCB06-F1CD-4538-BF56-37DCF9739E86}.Release|Any CPU.Build.0 = Release|Any CPU
	EndGlobalSection
	GlobalSection(SolutionProperties) = preSolution
		HideSolutionNode = FALSE
	EndGlobalSection
	GlobalSection(ExtensibilityGlobals) = postSolution
		SolutionGuid = {9E601958-C580-4A8C-AE09-64BA17674372}
	EndGlobalSection
EndGlobal
